
Microsoft Visual Studio Solution File, Format Version 12.00
# Visual Studio Version 17
VisualStudioVersion = 17.11.35327.3
MinimumVisualStudioVersion = 10.0.40219.1
Project("{FAE04EC0-301F-11D3-BF4B-00C04F79EFBC}") = "PersonnelDatabase", "PersonnelDatabase\PersonnelDatabase.csproj", "{D6168DB7-4B33-4387-9E6B-2390C23367B1}"
EndProject
Global
	GlobalSection(SolutionConfigurationPlatforms) = preSolution
		Debug|Any CPU = Debug|Any CPU
		Release|Any CPU = Release|Any CPU
	EndGlobalSection
	GlobalSection(ProjectConfigurationPlatforms) = postSolution
		{D6168DB7-4B33-4387-9E6B-2390C23367B1}.Debug|Any CPU.ActiveCfg = Debug|Any CPU
		{D6168DB7-4B33-4387-9E6B-2390C23367B1}.Debug|Any CPU.Build.0 = Debug|Any CPU
		{D6168DB7-4B33-4387-9E6B-2390C23367B1}.Release|Any CPU.ActiveCfg = Release|Any CPU
		{D6168DB7-4B33-4387-9E6B-2390C23367B1}.Release|Any CPU.Build.0 = Release|Any CPU
	EndGlobalSection
	GlobalSection(SolutionProperties) = preSolution
		HideSolutionNode = FALSE
	EndGlobalSection
	GlobalSection(ExtensibilityGlobals) = postSolution
		SolutionGuid = {DBD2D02F-977C-467E-AF62-936EB7249D16}
	EndGlobalSection
EndGlobal
